
Microsoft Visual Studio Solution File, Format Version 12.00
# Visual Studio Version 17
VisualStudioVersion = 17.14.36401.2 d17.14
MinimumVisualStudioVersion = 10.0.40219.1
Project("{FAE04EC0-301F-11D3-BF4B-00C04F79EFBC}") = "PWM", "PWM\PWM.csproj", "{E0F93290-6EDC-485D-B558-DD4878DE9FEC}"
EndProject
Global
	GlobalSection(SolutionConfigurationPlatforms) = preSolution
		Debug|Any CPU = Debug|Any CPU
		Release|Any CPU = Release|Any CPU
	EndGlobalSection
	GlobalSection(ProjectConfigurationPlatforms) = postSolution
		{E0F93290-6EDC-485D-B558-DD4878DE9FEC}.Debug|Any CPU.ActiveCfg = Debug|Any CPU
		{E0F93290-6EDC-485D-B558-DD4878DE9FEC}.Debug|Any CPU.Build.0 = Debug|Any CPU
		{E0F93290-6EDC-485D-B558-DD4878DE9FEC}.Release|Any CPU.ActiveCfg = Release|Any CPU
		{E0F93290-6EDC-485D-B558-DD4878DE9FEC}.Release|Any CPU.Build.0 = Release|Any CPU
	EndGlobalSection
	GlobalSection(SolutionProperties) = preSolution
		HideSolutionNode = FALSE
	EndGlobalSection
	GlobalSection(ExtensibilityGlobals) = postSolution
		SolutionGuid = {04885472-E14D-4D91-B756-32B0CE1EFEE0}
	EndGlobalSection
EndGlobal
